
Microsoft Visual Studio Solution File, Format Version 12.00
# Visual Studio Version 17
VisualStudioVersion = 17.9.34723.18
MinimumVisualStudioVersion = 10.0.40219.1
Project("{FAE04EC0-301F-11D3-BF4B-00C04F79EFBC}") = "Assignment 1", "Assignment 1\Assignment 1.csproj", "{0D2663CA-E69C-4A49-818A-BD26F75A95AF}"
EndProject
Global
	GlobalSection(SolutionConfigurationPlatforms) = preSolution
		Debug|Any CPU = Debug|Any CPU
		Release|Any CPU = Release|Any CPU
	EndGlobalSection
	GlobalSection(ProjectConfigurationPlatforms) = postSolution
		{0D2663CA-E69C-4A49-818A-BD26F75A95AF}.Debug|Any CPU.ActiveCfg = Debug|Any CPU
		{0D2663CA-E69C-4A49-818A-BD26F75A95AF}.Debug|Any CPU.Build.0 = Debug|Any CPU
		{0D2663CA-E69C-4A49-818A-BD26F75A95AF}.Release|Any CPU.ActiveCfg = Release|Any CPU
		{0D2663CA-E69C-4A49-818A-BD26F75A95AF}.Release|Any CPU.Build.0 = Release|Any CPU
	EndGlobalSection
	GlobalSection(SolutionProperties) = preSolution
		HideSolutionNode = FALSE
	EndGlobalSection
	GlobalSection(ExtensibilityGlobals) = postSolution
		SolutionGuid = {242A1B57-E6A7-4700-804D-9242EAD546D9}
	EndGlobalSection
EndGlobal
